
Microsoft Visual Studio Solution File, Format Version 12.00
# Visual Studio 2012
Project("{FAE04EC0-301F-11D3-BF4B-00C04F79EFBC}") = "estadoManifiestos", "estadoManifiestos\estadoManifiestos.csproj", "{77FE59DF-F3E3-436B-9725-DC6EFC854F7D}"
EndProject
Global
	GlobalSection(SolutionConfigurationPlatforms) = preSolution
		Debug|Any CPU = Debug|Any CPU
		Release|Any CPU = Release|Any CPU
	EndGlobalSection
	GlobalSection(ProjectConfigurationPlatforms) = postSolution
		{77FE59DF-F3E3-436B-9725-DC6EFC854F7D}.Debug|Any CPU.ActiveCfg = Debug|Any CPU
		{77FE59DF-F3E3-436B-9725-DC6EFC854F7D}.Debug|Any CPU.Build.0 = Debug|Any CPU
		{77FE59DF-F3E3-436B-9725-DC6EFC854F7D}.Release|Any CPU.ActiveCfg = Release|Any CPU
		{77FE59DF-F3E3-436B-9725-DC6EFC854F7D}.Release|Any CPU.Build.0 = Release|Any CPU
	EndGlobalSection
	GlobalSection(SolutionProperties) = preSolution
		HideSolutionNode = FALSE
	EndGlobalSection
EndGlobal
